
Microsoft Visual Studio Solution File, Format Version 12.00
Project("{FAE04EC0-301F-11D3-BF4B-00C04F79EFBC}") = "Divisible-sum-pairs", "Divisible-sum-pairs.csproj", "{703A2A04-64C4-4BC4-B507-7CB656247975}"
EndProject
Global
	GlobalSection(SolutionConfigurationPlatforms) = preSolution
		Debug|Any CPU = Debug|Any CPU
		Release|Any CPU = Release|Any CPU
	EndGlobalSection
	GlobalSection(ProjectConfigurationPlatforms) = postSolution
		{703A2A04-64C4-4BC4-B507-7CB656247975}.Debug|Any CPU.ActiveCfg = Debug|Any CPU
		{703A2A04-64C4-4BC4-B507-7CB656247975}.Debug|Any CPU.Build.0 = Debug|Any CPU
		{703A2A04-64C4-4BC4-B507-7CB656247975}.Release|Any CPU.ActiveCfg = Release|Any CPU
		{703A2A04-64C4-4BC4-B507-7CB656247975}.Release|Any CPU.Build.0 = Release|Any CPU
	EndGlobalSection
EndGlobal
